
Microsoft Visual Studio Solution File, Format Version 12.00
# Visual Studio Version 16
VisualStudioVersion = 16.0.30114.105
MinimumVisualStudioVersion = 10.0.40219.1
Project("{FAE04EC0-301F-11D3-BF4B-00C04F79EFBC}") = "APIDemo", "APIDemo\APIDemo.csproj", "{1D6BD226-1AD2-4832-A692-26B19907A8C4}"
EndProject
Project("{FAE04EC0-301F-11D3-BF4B-00C04F79EFBC}") = "RestSharpDemo", "RestSharpDemo\RestSharpDemo.csproj", "{278AFDA7-C5E7-4CDD-BB9C-B5BF990699CF}"
EndProject
Project("{FAE04EC0-301F-11D3-BF4B-00C04F79EFBC}") = "APITests", "APITests\APITests.csproj", "{B3375500-8658-4053-B340-ADD23469BBC4}"
EndProject
Global
	GlobalSection(SolutionConfigurationPlatforms) = preSolution
		Debug|Any CPU = Debug|Any CPU
		Release|Any CPU = Release|Any CPU
	EndGlobalSection
	GlobalSection(ProjectConfigurationPlatforms) = postSolution
		{1D6BD226-1AD2-4832-A692-26B19907A8C4}.Debug|Any CPU.ActiveCfg = Debug|Any CPU
		{1D6BD226-1AD2-4832-A692-26B19907A8C4}.Debug|Any CPU.Build.0 = Debug|Any CPU
		{1D6BD226-1AD2-4832-A692-26B19907A8C4}.Release|Any CPU.ActiveCfg = Release|Any CPU
		{1D6BD226-1AD2-4832-A692-26B19907A8C4}.Release|Any CPU.Build.0 = Release|Any CPU
		{278AFDA7-C5E7-4CDD-BB9C-B5BF990699CF}.Debug|Any CPU.ActiveCfg = Debug|Any CPU
		{278AFDA7-C5E7-4CDD-BB9C-B5BF990699CF}.Debug|Any CPU.Build.0 = Debug|Any CPU
		{278AFDA7-C5E7-4CDD-BB9C-B5BF990699CF}.Release|Any CPU.ActiveCfg = Release|Any CPU
		{278AFDA7-C5E7-4CDD-BB9C-B5BF990699CF}.Release|Any CPU.Build.0 = Release|Any CPU
		{B3375500-8658-4053-B340-ADD23469BBC4}.Debug|Any CPU.ActiveCfg = Debug|Any CPU
		{B3375500-8658-4053-B340-ADD23469BBC4}.Debug|Any CPU.Build.0 = Debug|Any CPU
		{B3375500-8658-4053-B340-ADD23469BBC4}.Release|Any CPU.ActiveCfg = Release|Any CPU
		{B3375500-8658-4053-B340-ADD23469BBC4}.Release|Any CPU.Build.0 = Release|Any CPU
	EndGlobalSection
	GlobalSection(SolutionProperties) = preSolution
		HideSolutionNode = FALSE
	EndGlobalSection
	GlobalSection(ExtensibilityGlobals) = postSolution
		SolutionGuid = {2961EE62-D223-40F7-9C62-4B32439CFEE4}
	EndGlobalSection
EndGlobal
